
Microsoft Visual Studio Solution File, Format Version 12.00
# Visual Studio Version 17
VisualStudioVersion = 17.14.36511.14 d17.14
MinimumVisualStudioVersion = 10.0.40219.1
Project("{FAE04EC0-301F-11D3-BF4B-00C04F79EFBC}") = "signature-app-backend", "signature-app-backend\signature-app-backend.csproj", "{5B9236E0-1FA2-457C-A8FC-B614578F4CBF}"
EndProject
Global
	GlobalSection(SolutionConfigurationPlatforms) = preSolution
		Debug|Any CPU = Debug|Any CPU
		Release|Any CPU = Release|Any CPU
	EndGlobalSection
	GlobalSection(ProjectConfigurationPlatforms) = postSolution
		{5B9236E0-1FA2-457C-A8FC-B614578F4CBF}.Debug|Any CPU.ActiveCfg = Debug|Any CPU
		{5B9236E0-1FA2-457C-A8FC-B614578F4CBF}.Debug|Any CPU.Build.0 = Debug|Any CPU
		{5B9236E0-1FA2-457C-A8FC-B614578F4CBF}.Release|Any CPU.ActiveCfg = Release|Any CPU
		{5B9236E0-1FA2-457C-A8FC-B614578F4CBF}.Release|Any CPU.Build.0 = Release|Any CPU
	EndGlobalSection
	GlobalSection(SolutionProperties) = preSolution
		HideSolutionNode = FALSE
	EndGlobalSection
	GlobalSection(ExtensibilityGlobals) = postSolution
		SolutionGuid = {CBFDB617-9C43-48D4-BE07-C6A2A9D49E4A}
	EndGlobalSection
EndGlobal
